<?xml version="1.0" encoding="utf-8"?>
<Project ToolsVersion="4.0" xmlns="http://schemas.microsoft.com/developer/msbuild/2003">
  <ItemGroup>
    <Filter Include="소스 파일">
      <UniqueIdentifier>{4FC737F1-C7A5-4376-A066-2A32D752A2FF}</UniqueIdentifier>
      <Extensions>cpp;c;cc;cxx;c++;cppm;ixx;def;odl;idl;hpj;bat;asm;asmx</Extensions>
    </Filter>
    <Filter Include="헤더 파일">
      <UniqueIdentifier>{93995380-89BD-4b04-88EB-625FBE52EBFB}</UniqueIdentifier>
      <Extensions>h;hh;hpp;hxx;h++;hm;inl;inc;ipp;xsd</Extensions>
    </Filter>
    <Filter Include="리소스 파일">
      <UniqueIdentifier>{67DA6AB6-F800-4c08-8B7A-83BB121AAD01}</UniqueIdentifier>
      <Extensions>rc;ico;cur;bmp;dlg;rc2;rct;bin;rgs;gif;jpg;jpeg;jpe;resx;tiff;tif;png;wav;mfcribbon-ms</Extensions>
    </Filter>
    <Filter Include="Shader">
      <UniqueIdentifier>{5c3d8e0c-5a9c-42ba-813c-f5e47c937a05}</UniqueIdentifier>
    </Filter>
    <Filter Include="실습 파일">
      <UniqueIdentifier>{482ad53d-721c-4c3f-93fe-3588a78adb72}</UniqueIdentifier>
    </Filter>
    <Filter Include="기본 코드">
      <UniqueIdentifier>{ca4513d5-74d9-4bf3-8dcd-0c47aa1c5189}</UniqueIdentifier>
    </Filter>
    <Filter Include="Main">
      <UniqueIdentifier>{14e1c5c7-32dd-4462-ab43-153f3ba7e582}</UniqueIdentifier>
    </Filter>
    <Filter Include="BasicComponentSourceFile">
      <UniqueIdentifier>{9f88816d-dec2-437b-8655-fa169bc08d91}</UniqueIdentifier>
    </Filter>
    <Filter Include="BasicComponentHeaderFile">
      <UniqueIdentifier>{5524a8c5-d877-475e-921c-aeef38b00172}</UniqueIdentifier>
    </Filter>
    <Filter Include="SystemSourceFile">
      <UniqueIdentifier>{056a8970-c4e7-4fc6-ac05-750b5598be27}</UniqueIdentifier>
    </Filter>
    <Filter Include="SystemHeaderFile">
      <UniqueIdentifier>{8797449b-5dcc-414a-96b8-021ff965fb06}</UniqueIdentifier>
    </Filter>
    <Filter Include="ClassHeaderFile">
      <UniqueIdentifier>{531fe3d7-08b8-4ca7-9699-2a5e379dc610}</UniqueIdentifier>
    </Filter>
    <Filter Include="ClassSourceFile">
      <UniqueIdentifier>{2fd56ecf-d79c-405e-8f37-fcc34a0df468}</UniqueIdentifier>
    </Filter>
    <Filter Include="PCH">
      <UniqueIdentifier>{e91c66c6-307a-4412-b625-107b2ff1df6d}</UniqueIdentifier>
    </Filter>
    <Filter Include="실습 17">
      <UniqueIdentifier>{815819be-b3ce-4131-91d3-fd77a771d79e}</UniqueIdentifier>
    </Filter>
  </ItemGroup>
  <ItemGroup>
    <ClCompile Include="실습1.cpp">
      <Filter>실습 파일</Filter>
    </ClCompile>
    <ClCompile Include="실습2.cpp">
      <Filter>실습 파일</Filter>
    </ClCompile>
    <ClCompile Include="실습3.cpp">
      <Filter>실습 파일</Filter>
    </ClCompile>
    <ClCompile Include="실습4.cpp">
      <Filter>실습 파일</Filter>
    </ClCompile>
    <ClCompile Include="실습5.cpp">
      <Filter>실습 파일</Filter>
    </ClCompile>
    <ClCompile Include="실습6.cpp">
      <Filter>실습 파일</Filter>
    </ClCompile>
    <ClCompile Include="실습7.cpp">
      <Filter>실습 파일</Filter>
    </ClCompile>
    <ClCompile Include="실습9.cpp">
      <Filter>실습 파일</Filter>
    </ClCompile>
    <ClCompile Include="실습10.cpp">
      <Filter>실습 파일</Filter>
    </ClCompile>
    <ClCompile Include="실습11.cpp">
      <Filter>실습 파일</Filter>
    </ClCompile>
    <ClCompile Include="실습12.cpp">
      <Filter>실습 파일</Filter>
    </ClCompile>
    <ClCompile Include="BasicCode.cpp">
      <Filter>기본 코드</Filter>
    </ClCompile>
    <ClCompile Include="ShaderBasicCode.cpp">
      <Filter>기본 코드</Filter>
    </ClCompile>
    <ClCompile Include="Framework.cpp">
      <Filter>Main</Filter>
    </ClCompile>
    <ClCompile Include="Renderer.cpp">
      <Filter>BasicComponentSourceFile</Filter>
    </ClCompile>
    <ClCompile Include="RenderSystem.cpp">
      <Filter>SystemSourceFile</Filter>
    </ClCompile>
    <ClCompile Include="InputSystem.cpp">
      <Filter>SystemSourceFile</Filter>
    </ClCompile>
    <ClCompile Include="Transform.cpp">
      <Filter>BasicComponentSourceFile</Filter>
    </ClCompile>
    <ClCompile Include="ShaderInstance.cpp">
      <Filter>ClassSourceFile</Filter>
    </ClCompile>
    <ClCompile Include="ModelInstnce.cpp">
      <Filter>ClassSourceFile</Filter>
    </ClCompile>
    <ClCompile Include="Camera.cpp">
      <Filter>BasicComponentSourceFile</Filter>
    </ClCompile>
    <ClCompile Include="ResourceSystem.cpp">
      <Filter>SystemSourceFile</Filter>
    </ClCompile>
    <ClCompile Include="SceneSystem.cpp">
      <Filter>SystemSourceFile</Filter>
    </ClCompile>
    <ClCompile Include="Scene.cpp">
      <Filter>ClassSourceFile</Filter>
    </ClCompile>
    <ClCompile Include="Component.cpp">
      <Filter>BasicComponentSourceFile</Filter>
    </ClCompile>
    <ClCompile Include="Object.cpp">
      <Filter>ClassSourceFile</Filter>
    </ClCompile>
    <ClCompile Include="GlobalUtility.cpp">
      <Filter>소스 파일</Filter>
    </ClCompile>
    <ClCompile Include="Exercise17.cpp">
      <Filter>실습 17</Filter>
    </ClCompile>
    <ClCompile Include="TextureInstance.cpp">
      <Filter>소스 파일</Filter>
    </ClCompile>
  </ItemGroup>
  <ItemGroup>
    <None Include="fragment.glsl">
      <Filter>Shader</Filter>
    </None>
    <None Include="vertex.glsl">
      <Filter>Shader</Filter>
    </None>
  </ItemGroup>
  <ItemGroup>
    <ClInclude Include="Renderer.h">
      <Filter>BasicComponentHeaderFile</Filter>
    </ClInclude>
    <ClInclude Include="ResourceSystem.h">
      <Filter>SystemHeaderFile</Filter>
    </ClInclude>
    <ClInclude Include="InputSystem.h">
      <Filter>SystemHeaderFile</Filter>
    </ClInclude>
    <ClInclude Include="Transform.h">
      <Filter>BasicComponentHeaderFile</Filter>
    </ClInclude>
    <ClInclude Include="ShaderInstance.h">
      <Filter>ClassHeaderFile</Filter>
    </ClInclude>
    <ClInclude Include="ModelInstnce.h">
      <Filter>ClassHeaderFile</Filter>
    </ClInclude>
    <ClInclude Include="Camera.h">
      <Filter>BasicComponentHeaderFile</Filter>
    </ClInclude>
    <ClInclude Include="RenderSystem.h">
      <Filter>SystemHeaderFile</Filter>
    </ClInclude>
    <ClInclude Include="SceneSystem.h">
      <Filter>SystemHeaderFile</Filter>
    </ClInclude>
    <ClInclude Include="Scene.h">
      <Filter>ClassHeaderFile</Filter>
    </ClInclude>
    <ClInclude Include="Component.h">
      <Filter>BasicComponentHeaderFile</Filter>
    </ClInclude>
    <ClInclude Include="Object.h">
      <Filter>ClassHeaderFile</Filter>
    </ClInclude>
    <ClInclude Include="stdafx.h">
      <Filter>PCH</Filter>
    </ClInclude>
    <ClInclude Include="GlobalUtility.h">
      <Filter>헤더 파일</Filter>
    </ClInclude>
    <ClInclude Include="Exercise17.h">
      <Filter>실습 17</Filter>
    </ClInclude>
    <ClInclude Include="TextureInstance.h">
      <Filter>헤더 파일</Filter>
    </ClInclude>
    <ClInclude Include="stb_image.h">
      <Filter>헤더 파일</Filter>
    </ClInclude>
  </ItemGroup>
</Project>