<?xml version="1.0" encoding="utf-8"?>
<Project ToolsVersion="4.0" xmlns="http://schemas.microsoft.com/developer/msbuild/2003">
  <ItemGroup>
    <Filter Include="Main">
      <UniqueIdentifier>{14e1c5c7-32dd-4462-ab43-153f3ba7e582}</UniqueIdentifier>
    </Filter>
    <Filter Include="BasicComponentSourceFile">
      <UniqueIdentifier>{9f88816d-dec2-437b-8655-fa169bc08d91}</UniqueIdentifier>
    </Filter>
    <Filter Include="BasicComponentHeaderFile">
      <UniqueIdentifier>{5524a8c5-d877-475e-921c-aeef38b00172}</UniqueIdentifier>
    </Filter>
    <Filter Include="SystemSourceFile">
      <UniqueIdentifier>{056a8970-c4e7-4fc6-ac05-750b5598be27}</UniqueIdentifier>
    </Filter>
    <Filter Include="SystemHeaderFile">
      <UniqueIdentifier>{8797449b-5dcc-414a-96b8-021ff965fb06}</UniqueIdentifier>
    </Filter>
    <Filter Include="ClassHeaderFile">
      <UniqueIdentifier>{531fe3d7-08b8-4ca7-9699-2a5e379dc610}</UniqueIdentifier>
    </Filter>
    <Filter Include="ClassSourceFile">
      <UniqueIdentifier>{2fd56ecf-d79c-405e-8f37-fcc34a0df468}</UniqueIdentifier>
    </Filter>
    <Filter Include="PCH">
      <UniqueIdentifier>{e91c66c6-307a-4412-b625-107b2ff1df6d}</UniqueIdentifier>
    </Filter>
    <Filter Include="Resources">
      <UniqueIdentifier>{67DA6AB6-F800-4c08-8B7A-83BB121AAD01}</UniqueIdentifier>
      <Extensions>rc;ico;cur;bmp;dlg;rc2;rct;bin;rgs;gif;jpg;jpeg;jpe;resx;tiff;tif;png;wav;mfcribbon-ms</Extensions>
    </Filter>
    <Filter Include="Resources\Shader">
      <UniqueIdentifier>{5c3d8e0c-5a9c-42ba-813c-f5e47c937a05}</UniqueIdentifier>
    </Filter>
    <Filter Include="Resources\Shader\Fragment">
      <UniqueIdentifier>{c7044a8c-519c-4d38-aebe-63c2f8db0d39}</UniqueIdentifier>
    </Filter>
    <Filter Include="Resources\Shader\Vertex">
      <UniqueIdentifier>{7a72748a-dca0-4a66-bea9-667fc24633ff}</UniqueIdentifier>
    </Filter>
    <Filter Include="Scene">
      <UniqueIdentifier>{48ded403-ad02-4391-a1be-e6cc5bfb3e33}</UniqueIdentifier>
    </Filter>
    <Filter Include="Scene\텀프로젝트">
      <UniqueIdentifier>{ed43c956-5463-4503-911b-a4f24877c07a}</UniqueIdentifier>
    </Filter>
    <Filter Include="Scene\숙제1">
      <UniqueIdentifier>{9cbbb910-bdc6-4a21-8e78-e6b20f7e8982}</UniqueIdentifier>
    </Filter>
    <Filter Include="Scene\숙제2">
      <UniqueIdentifier>{815819be-b3ce-4131-91d3-fd77a771d79e}</UniqueIdentifier>
    </Filter>
    <Filter Include="ComponentHeaderFile">
      <UniqueIdentifier>{c7111060-fa58-4155-9442-697a88e00214}</UniqueIdentifier>
    </Filter>
    <Filter Include="ComponentSourceFile">
      <UniqueIdentifier>{2167074f-9719-48f4-94ba-3c1699ef521c}</UniqueIdentifier>
    </Filter>
    <Filter Include="DefaultHeaderFile">
      <UniqueIdentifier>{93995380-89BD-4b04-88EB-625FBE52EBFB}</UniqueIdentifier>
      <Extensions>h;hh;hpp;hxx;h++;hm;inl;inc;ipp;xsd</Extensions>
    </Filter>
    <Filter Include="DefaultSourceFile">
      <UniqueIdentifier>{4FC737F1-C7A5-4376-A066-2A32D752A2FF}</UniqueIdentifier>
      <Extensions>cpp;c;cc;cxx;c++;cppm;ixx;def;odl;idl;hpj;bat;asm;asmx</Extensions>
    </Filter>
  </ItemGroup>
  <ItemGroup>
    <ClCompile Include="Framework.cpp">
      <Filter>Main</Filter>
    </ClCompile>
    <ClCompile Include="Renderer.cpp">
      <Filter>BasicComponentSourceFile</Filter>
    </ClCompile>
    <ClCompile Include="RenderSystem.cpp">
      <Filter>SystemSourceFile</Filter>
    </ClCompile>
    <ClCompile Include="InputSystem.cpp">
      <Filter>SystemSourceFile</Filter>
    </ClCompile>
    <ClCompile Include="Transform.cpp">
      <Filter>BasicComponentSourceFile</Filter>
    </ClCompile>
    <ClCompile Include="ShaderInstance.cpp">
      <Filter>ClassSourceFile</Filter>
    </ClCompile>
    <ClCompile Include="ModelInstnce.cpp">
      <Filter>ClassSourceFile</Filter>
    </ClCompile>
    <ClCompile Include="Camera.cpp">
      <Filter>BasicComponentSourceFile</Filter>
    </ClCompile>
    <ClCompile Include="ResourceSystem.cpp">
      <Filter>SystemSourceFile</Filter>
    </ClCompile>
    <ClCompile Include="SceneSystem.cpp">
      <Filter>SystemSourceFile</Filter>
    </ClCompile>
    <ClCompile Include="Scene.cpp">
      <Filter>ClassSourceFile</Filter>
    </ClCompile>
    <ClCompile Include="Component.cpp">
      <Filter>BasicComponentSourceFile</Filter>
    </ClCompile>
    <ClCompile Include="Object.cpp">
      <Filter>ClassSourceFile</Filter>
    </ClCompile>
    <ClCompile Include="Assignment1.cpp">
      <Filter>Scene\숙제1</Filter>
    </ClCompile>
    <ClCompile Include="TextureInstance.cpp">
      <Filter>ClassSourceFile</Filter>
    </ClCompile>
    <ClCompile Include="Rigidbody.cpp">
      <Filter>BasicComponentSourceFile</Filter>
    </ClCompile>
    <ClCompile Include="Assignment2.cpp">
      <Filter>Scene\숙제2</Filter>
    </ClCompile>
    <ClCompile Include="GlobalUtility.cpp">
      <Filter>Main</Filter>
    </ClCompile>
    <ClCompile Include="SimpleMove.cpp">
      <Filter>ComponentSourceFile</Filter>
    </ClCompile>
    <ClCompile Include="Rotator.cpp">
      <Filter>ComponentSourceFile</Filter>
    </ClCompile>
    <ClCompile Include="SimpleFallower.cpp">
      <Filter>ComponentSourceFile</Filter>
    </ClCompile>
    <ClCompile Include="TermProject.cpp">
      <Filter>Scene\텀프로젝트</Filter>
    </ClCompile>
    <ClCompile Include="Ball.cpp">
      <Filter>Scene\텀프로젝트</Filter>
    </ClCompile>
    <ClCompile Include="Tile.cpp">
      <Filter>Scene\텀프로젝트</Filter>
    </ClCompile>
    <ClCompile Include="Tower.cpp">
      <Filter>Scene\텀프로젝트</Filter>
    </ClCompile>
  </ItemGroup>
  <ItemGroup>
    <None Include="VertexShader.glsl">
      <Filter>Resources\Shader\Vertex</Filter>
    </None>
    <None Include="FragmentShader_Texture.glsl">
      <Filter>Resources\Shader\Fragment</Filter>
    </None>
    <None Include="FragmentShader_Vertex.glsl">
      <Filter>Resources\Shader\Fragment</Filter>
    </None>
  </ItemGroup>
  <ItemGroup>
    <ClInclude Include="Renderer.h">
      <Filter>BasicComponentHeaderFile</Filter>
    </ClInclude>
    <ClInclude Include="ResourceSystem.h">
      <Filter>SystemHeaderFile</Filter>
    </ClInclude>
    <ClInclude Include="InputSystem.h">
      <Filter>SystemHeaderFile</Filter>
    </ClInclude>
    <ClInclude Include="Transform.h">
      <Filter>BasicComponentHeaderFile</Filter>
    </ClInclude>
    <ClInclude Include="ShaderInstance.h">
      <Filter>ClassHeaderFile</Filter>
    </ClInclude>
    <ClInclude Include="ModelInstnce.h">
      <Filter>ClassHeaderFile</Filter>
    </ClInclude>
    <ClInclude Include="Camera.h">
      <Filter>BasicComponentHeaderFile</Filter>
    </ClInclude>
    <ClInclude Include="RenderSystem.h">
      <Filter>SystemHeaderFile</Filter>
    </ClInclude>
    <ClInclude Include="SceneSystem.h">
      <Filter>SystemHeaderFile</Filter>
    </ClInclude>
    <ClInclude Include="Scene.h">
      <Filter>ClassHeaderFile</Filter>
    </ClInclude>
    <ClInclude Include="Component.h">
      <Filter>BasicComponentHeaderFile</Filter>
    </ClInclude>
    <ClInclude Include="Object.h">
      <Filter>ClassHeaderFile</Filter>
    </ClInclude>
    <ClInclude Include="stdafx.h">
      <Filter>PCH</Filter>
    </ClInclude>
    <ClInclude Include="Assignment1.h">
      <Filter>Scene\숙제1</Filter>
    </ClInclude>
    <ClInclude Include="TextureInstance.h">
      <Filter>ClassHeaderFile</Filter>
    </ClInclude>
    <ClInclude Include="GlobalUtility.h">
      <Filter>Main</Filter>
    </ClInclude>
    <ClInclude Include="stb_image.h">
      <Filter>Main</Filter>
    </ClInclude>
    <ClInclude Include="Rigidbody.h">
      <Filter>BasicComponentHeaderFile</Filter>
    </ClInclude>
    <ClInclude Include="Assignment2.h">
      <Filter>Scene\숙제2</Filter>
    </ClInclude>
    <ClInclude Include="SimpleMove.h">
      <Filter>ComponentHeaderFile</Filter>
    </ClInclude>
    <ClInclude Include="Rotator.h">
      <Filter>ComponentHeaderFile</Filter>
    </ClInclude>
    <ClInclude Include="SimpleFallower.h">
      <Filter>ComponentHeaderFile</Filter>
    </ClInclude>
    <ClInclude Include="TermProject.h">
      <Filter>Scene\텀프로젝트</Filter>
    </ClInclude>
    <ClInclude Include="Ball.h">
      <Filter>Scene\텀프로젝트</Filter>
    </ClInclude>
    <ClInclude Include="Tile.h">
      <Filter>Scene\텀프로젝트</Filter>
    </ClInclude>
    <ClInclude Include="Tower.h">
      <Filter>Scene\텀프로젝트</Filter>
    </ClInclude>
  </ItemGroup>
</Project>